
Microsoft Visual Studio Solution File, Format Version 12.00
# Visual Studio Version 17
VisualStudioVersion = 17.1.32210.238
MinimumVisualStudioVersion = 10.0.40219.1
Project("{9A19103F-16F7-4668-BE54-9A1E7A4F7556}") = "DreamMessenger", "DreamMessenger.csproj", "{BF041B7E-999A-499A-805D-D874D8A0E2BD}"
EndProject
Global
	GlobalSection(SolutionConfigurationPlatforms) = preSolution
		Debug|Any CPU = Debug|Any CPU
		Release|Any CPU = Release|Any CPU
	EndGlobalSection
	GlobalSection(ProjectConfigurationPlatforms) = postSolution
		{BF041B7E-999A-499A-805D-D874D8A0E2BD}.Debug|Any CPU.ActiveCfg = Debug|Any CPU
		{BF041B7E-999A-499A-805D-D874D8A0E2BD}.Debug|Any CPU.Build.0 = Debug|Any CPU
		{BF041B7E-999A-499A-805D-D874D8A0E2BD}.Release|Any CPU.ActiveCfg = Release|Any CPU
		{BF041B7E-999A-499A-805D-D874D8A0E2BD}.Release|Any CPU.Build.0 = Release|Any CPU
	EndGlobalSection
	GlobalSection(SolutionProperties) = preSolution
		HideSolutionNode = FALSE
	EndGlobalSection
	GlobalSection(ExtensibilityGlobals) = postSolution
		SolutionGuid = {97ED6212-902F-44AB-BC06-A35730753519}
	EndGlobalSection
EndGlobal
